
Microsoft Visual Studio Solution File, Format Version 12.00
Project("{FAE04EC0-301F-11D3-BF4B-00C04F79EFBC}") = "CustomerApi", "sample\CustomerApi\CustomerApi.csproj", "{5E67A3CB-9089-4AA1-802C-B8CF9DFEEF58}"
EndProject
Project("{FAE04EC0-301F-11D3-BF4B-00C04F79EFBC}") = "LogOtter.CosmosDb.EventStore", "src\LogOtter.CosmosDb.EventStore\LogOtter.CosmosDb.EventStore.csproj", "{DF6179EC-27F6-4896-9DF4-C4B7560C0583}"
EndProject
Project("{FAE04EC0-301F-11D3-BF4B-00C04F79EFBC}") = "LogOtter.CosmosDb", "src\LogOtter.CosmosDb\LogOtter.CosmosDb.csproj", "{F05BA677-A837-4BCA-A0AC-6C70A6913A05}"
EndProject
Project("{FAE04EC0-301F-11D3-BF4B-00C04F79EFBC}") = "CustomerApi.Tests", "sample\CustomerApi.Tests\CustomerApi.Tests.csproj", "{71FB4790-4863-4C0C-A6D1-38EC9FF8C3F4}"
EndProject
Project("{FAE04EC0-301F-11D3-BF4B-00C04F79EFBC}") = "LogOtter.CosmosDb.Testing", "src\LogOtter.CosmosDb.Testing\LogOtter.CosmosDb.Testing.csproj", "{6D09015C-5068-4017-A095-532D992118D1}"
EndProject
Project("{2150E333-8FDC-42A3-9474-1A3956D46DE8}") = "Sample", "Sample", "{3013166D-3A9F-4979-B741-08D4288F5D28}"
EndProject
Project("{FAE04EC0-301F-11D3-BF4B-00C04F79EFBC}") = "LogOtter.CosmosDb.ContainerMock.IntegrationTests", "tests\LogOtter.CosmosDb.ContainerMock.IntegrationTests\LogOtter.CosmosDb.ContainerMock.IntegrationTests.csproj", "{64482CA6-3D49-45CD-BBAA-DDD62FED05EB}"
EndProject
Project("{FAE04EC0-301F-11D3-BF4B-00C04F79EFBC}") = "LogOtter.CosmosDb.ContainerMock.Tests", "tests\LogOtter.CosmosDb.ContainerMock.Tests\LogOtter.CosmosDb.ContainerMock.Tests.csproj", "{AB16A96E-15A4-4CB6-B9A6-F72B0803FBE1}"
EndProject
Project("{2150E333-8FDC-42A3-9474-1A3956D46DE8}") = "Tests", "Tests", "{C015BF56-68E3-4B5C-82CB-846AE27C42C0}"
EndProject
Project("{FAE04EC0-301F-11D3-BF4B-00C04F79EFBC}") = "LogOtter.CosmosDb.ContainerMock", "src\LogOtter.CosmosDb.ContainerMock\LogOtter.CosmosDb.ContainerMock.csproj", "{14737F44-DA29-4154-ADAE-3D7D479CAEDE}"
EndProject
Project("{FAE04EC0-301F-11D3-BF4B-00C04F79EFBC}") = "LogOtter.ShortGuid", "src\LogOtter.ShortGuid\LogOtter.ShortGuid.csproj", "{4EFDA4E7-B2DC-4F33-B0C5-2293CB9F530F}"
EndProject
Project("{FAE04EC0-301F-11D3-BF4B-00C04F79EFBC}") = "LogOtter.ShortGuid.Tests", "tests\LogOtter.ShortGuid.Tests\LogOtter.ShortGuid.Tests.csproj", "{55DD0D61-3843-44BB-83EB-41081BB9B822}"
EndProject
Project("{FAE04EC0-301F-11D3-BF4B-00C04F79EFBC}") = "LogOtter.HttpPatch", "src\LogOtter.HttpPatch\LogOtter.HttpPatch.csproj", "{389BBABE-9DC9-45F8-A802-C356172877CD}"
EndProject
Project("{FAE04EC0-301F-11D3-BF4B-00C04F79EFBC}") = "LogOtter.HttpPatch.Tests", "tests\LogOtter.HttpPatch.Tests\LogOtter.HttpPatch.Tests.csproj", "{8D91D1A8-2856-4EDF-A113-EAC6DF23ADB0}"
EndProject
Project("{FAE04EC0-301F-11D3-BF4B-00C04F79EFBC}") = "LogOtter.JsonHal", "src\LogOtter.JsonHal\LogOtter.JsonHal.csproj", "{B561642E-03FE-490B-B239-D5C7FCCE70FC}"
EndProject
Project("{FAE04EC0-301F-11D3-BF4B-00C04F79EFBC}") = "LogOtter.JsonHal.Tests", "tests\LogOtter.JsonHal.Tests\LogOtter.JsonHal.Tests.csproj", "{12367C16-FEDD-42FA-8A32-FAECD58C59D3}"
EndProject
Project("{FAE04EC0-301F-11D3-BF4B-00C04F79EFBC}") = "LogOtter.Obfuscate", "src\LogOtter.Obfuscate\LogOtter.Obfuscate.csproj", "{C6F84B8B-84A5-47EB-9E45-473211307ED1}"
EndProject
Project("{FAE04EC0-301F-11D3-BF4B-00C04F79EFBC}") = "LogOtter.Obfuscate.Tests", "tests\LogOtter.Obfuscate.Tests\LogOtter.Obfuscate.Tests.csproj", "{8E5D921D-60C6-4525-A2FA-24798AB69562}"
EndProject
Project("{FAE04EC0-301F-11D3-BF4B-00C04F79EFBC}") = "LogOtter.SimpleHealthChecks", "src\LogOtter.SimpleHealthChecks\LogOtter.SimpleHealthChecks.csproj", "{A80E0FC8-19EA-49E5-9231-5AE2B5A0C848}"
EndProject
Project("{FAE04EC0-301F-11D3-BF4B-00C04F79EFBC}") = "LogOtter.SimpleHealthChecks.Tests", "tests\LogOtter.SimpleHealthChecks.Tests\LogOtter.SimpleHealthChecks.Tests.csproj", "{386BFF2D-6ABD-4CB8-9EE2-06452AD033C7}"
EndProject
Project("{FAE04EC0-301F-11D3-BF4B-00C04F79EFBC}") = "CustomerWorker", "sample\CustomerWorker\CustomerWorker.csproj", "{419538EA-A140-42FF-BD11-0E30306D262B}"
EndProject
Project("{FAE04EC0-301F-11D3-BF4B-00C04F79EFBC}") = "LogOtter.Hub", "src\LogOtter.Hub\LogOtter.Hub.csproj", "{1DEBB304-17E4-4FAE-9772-3B3CC6DF8EEF}"
EndProject
Project("{FAE04EC0-301F-11D3-BF4B-00C04F79EFBC}") = "LogOtter.Azure.AppServices.RequestMiddleware", "src\LogOtter.Azure.AppServices.RequestMiddleware\LogOtter.Azure.AppServices.RequestMiddleware.csproj", "{A644FC0B-D646-49EB-91A1-0AC9CB719C74}"
EndProject
Project("{FAE04EC0-301F-11D3-BF4B-00C04F79EFBC}") = "LogOtter.Azure.AppServices.RequestMiddleware.Tests", "tests\LogOtter.Azure.AppServices.RequestMiddleware.Tests\LogOtter.Azure.AppServices.RequestMiddleware.Tests.csproj", "{1A71BF97-DF7F-4831-9AE2-B128B64D120F}"
EndProject
Project("{FAE04EC0-301F-11D3-BF4B-00C04F79EFBC}") = "LogOtter.CosmosDb.EventStore.Tests", "tests\LogOtter.CosmosDb.EventStore.Tests\LogOtter.CosmosDb.EventStore.Tests.csproj", "{0B65F1F3-38DA-47C3-8490-5670C1B8EAE2}"
EndProject
Global
	GlobalSection(SolutionConfigurationPlatforms) = preSolution
		Debug|Any CPU = Debug|Any CPU
		Release|Any CPU = Release|Any CPU
	EndGlobalSection
	GlobalSection(ProjectConfigurationPlatforms) = postSolution
		{5E67A3CB-9089-4AA1-802C-B8CF9DFEEF58}.Debug|Any CPU.ActiveCfg = Debug|Any CPU
		{5E67A3CB-9089-4AA1-802C-B8CF9DFEEF58}.Debug|Any CPU.Build.0 = Debug|Any CPU
		{5E67A3CB-9089-4AA1-802C-B8CF9DFEEF58}.Release|Any CPU.ActiveCfg = Release|Any CPU
		{5E67A3CB-9089-4AA1-802C-B8CF9DFEEF58}.Release|Any CPU.Build.0 = Release|Any CPU
		{DF6179EC-27F6-4896-9DF4-C4B7560C0583}.Debug|Any CPU.ActiveCfg = Debug|Any CPU
		{DF6179EC-27F6-4896-9DF4-C4B7560C0583}.Debug|Any CPU.Build.0 = Debug|Any CPU
		{DF6179EC-27F6-4896-9DF4-C4B7560C0583}.Release|Any CPU.ActiveCfg = Release|Any CPU
		{DF6179EC-27F6-4896-9DF4-C4B7560C0583}.Release|Any CPU.Build.0 = Release|Any CPU
		{F05BA677-A837-4BCA-A0AC-6C70A6913A05}.Debug|Any CPU.ActiveCfg = Debug|Any CPU
		{F05BA677-A837-4BCA-A0AC-6C70A6913A05}.Debug|Any CPU.Build.0 = Debug|Any CPU
		{F05BA677-A837-4BCA-A0AC-6C70A6913A05}.Release|Any CPU.ActiveCfg = Release|Any CPU
		{F05BA677-A837-4BCA-A0AC-6C70A6913A05}.Release|Any CPU.Build.0 = Release|Any CPU
		{71FB4790-4863-4C0C-A6D1-38EC9FF8C3F4}.Debug|Any CPU.ActiveCfg = Debug|Any CPU
		{71FB4790-4863-4C0C-A6D1-38EC9FF8C3F4}.Debug|Any CPU.Build.0 = Debug|Any CPU
		{71FB4790-4863-4C0C-A6D1-38EC9FF8C3F4}.Release|Any CPU.ActiveCfg = Release|Any CPU
		{71FB4790-4863-4C0C-A6D1-38EC9FF8C3F4}.Release|Any CPU.Build.0 = Release|Any CPU
		{6D09015C-5068-4017-A095-532D992118D1}.Debug|Any CPU.ActiveCfg = Debug|Any CPU
		{6D09015C-5068-4017-A095-532D992118D1}.Debug|Any CPU.Build.0 = Debug|Any CPU
		{6D09015C-5068-4017-A095-532D992118D1}.Release|Any CPU.ActiveCfg = Release|Any CPU
		{6D09015C-5068-4017-A095-532D992118D1}.Release|Any CPU.Build.0 = Release|Any CPU
		{64482CA6-3D49-45CD-BBAA-DDD62FED05EB}.Debug|Any CPU.ActiveCfg = Debug|Any CPU
		{64482CA6-3D49-45CD-BBAA-DDD62FED05EB}.Debug|Any CPU.Build.0 = Debug|Any CPU
		{64482CA6-3D49-45CD-BBAA-DDD62FED05EB}.Release|Any CPU.ActiveCfg = Release|Any CPU
		{64482CA6-3D49-45CD-BBAA-DDD62FED05EB}.Release|Any CPU.Build.0 = Release|Any CPU
		{AB16A96E-15A4-4CB6-B9A6-F72B0803FBE1}.Debug|Any CPU.ActiveCfg = Debug|Any CPU
		{AB16A96E-15A4-4CB6-B9A6-F72B0803FBE1}.Debug|Any CPU.Build.0 = Debug|Any CPU
		{AB16A96E-15A4-4CB6-B9A6-F72B0803FBE1}.Release|Any CPU.ActiveCfg = Release|Any CPU
		{AB16A96E-15A4-4CB6-B9A6-F72B0803FBE1}.Release|Any CPU.Build.0 = Release|Any CPU
		{14737F44-DA29-4154-ADAE-3D7D479CAEDE}.Debug|Any CPU.ActiveCfg = Debug|Any CPU
		{14737F44-DA29-4154-ADAE-3D7D479CAEDE}.Debug|Any CPU.Build.0 = Debug|Any CPU
		{14737F44-DA29-4154-ADAE-3D7D479CAEDE}.Release|Any CPU.ActiveCfg = Release|Any CPU
		{14737F44-DA29-4154-ADAE-3D7D479CAEDE}.Release|Any CPU.Build.0 = Release|Any CPU
		{4EFDA4E7-B2DC-4F33-B0C5-2293CB9F530F}.Debug|Any CPU.ActiveCfg = Debug|Any CPU
		{4EFDA4E7-B2DC-4F33-B0C5-2293CB9F530F}.Debug|Any CPU.Build.0 = Debug|Any CPU
		{4EFDA4E7-B2DC-4F33-B0C5-2293CB9F530F}.Release|Any CPU.ActiveCfg = Release|Any CPU
		{4EFDA4E7-B2DC-4F33-B0C5-2293CB9F530F}.Release|Any CPU.Build.0 = Release|Any CPU
		{55DD0D61-3843-44BB-83EB-41081BB9B822}.Debug|Any CPU.ActiveCfg = Debug|Any CPU
		{55DD0D61-3843-44BB-83EB-41081BB9B822}.Debug|Any CPU.Build.0 = Debug|Any CPU
		{55DD0D61-3843-44BB-83EB-41081BB9B822}.Release|Any CPU.ActiveCfg = Release|Any CPU
		{55DD0D61-3843-44BB-83EB-41081BB9B822}.Release|Any CPU.Build.0 = Release|Any CPU
		{389BBABE-9DC9-45F8-A802-C356172877CD}.Debug|Any CPU.ActiveCfg = Debug|Any CPU
		{389BBABE-9DC9-45F8-A802-C356172877CD}.Debug|Any CPU.Build.0 = Debug|Any CPU
		{389BBABE-9DC9-45F8-A802-C356172877CD}.Release|Any CPU.ActiveCfg = Release|Any CPU
		{389BBABE-9DC9-45F8-A802-C356172877CD}.Release|Any CPU.Build.0 = Release|Any CPU
		{8D91D1A8-2856-4EDF-A113-EAC6DF23ADB0}.Debug|Any CPU.ActiveCfg = Debug|Any CPU
		{8D91D1A8-2856-4EDF-A113-EAC6DF23ADB0}.Debug|Any CPU.Build.0 = Debug|Any CPU
		{8D91D1A8-2856-4EDF-A113-EAC6DF23ADB0}.Release|Any CPU.ActiveCfg = Release|Any CPU
		{8D91D1A8-2856-4EDF-A113-EAC6DF23ADB0}.Release|Any CPU.Build.0 = Release|Any CPU
		{B561642E-03FE-490B-B239-D5C7FCCE70FC}.Debug|Any CPU.ActiveCfg = Debug|Any CPU
		{B561642E-03FE-490B-B239-D5C7FCCE70FC}.Debug|Any CPU.Build.0 = Debug|Any CPU
		{B561642E-03FE-490B-B239-D5C7FCCE70FC}.Release|Any CPU.ActiveCfg = Release|Any CPU
		{B561642E-03FE-490B-B239-D5C7FCCE70FC}.Release|Any CPU.Build.0 = Release|Any CPU
		{12367C16-FEDD-42FA-8A32-FAECD58C59D3}.Debug|Any CPU.ActiveCfg = Debug|Any CPU
		{12367C16-FEDD-42FA-8A32-FAECD58C59D3}.Debug|Any CPU.Build.0 = Debug|Any CPU
		{12367C16-FEDD-42FA-8A32-FAECD58C59D3}.Release|Any CPU.ActiveCfg = Release|Any CPU
		{12367C16-FEDD-42FA-8A32-FAECD58C59D3}.Release|Any CPU.Build.0 = Release|Any CPU
		{C6F84B8B-84A5-47EB-9E45-473211307ED1}.Debug|Any CPU.ActiveCfg = Debug|Any CPU
		{C6F84B8B-84A5-47EB-9E45-473211307ED1}.Debug|Any CPU.Build.0 = Debug|Any CPU
		{C6F84B8B-84A5-47EB-9E45-473211307ED1}.Release|Any CPU.ActiveCfg = Release|Any CPU
		{C6F84B8B-84A5-47EB-9E45-473211307ED1}.Release|Any CPU.Build.0 = Release|Any CPU
		{8E5D921D-60C6-4525-A2FA-24798AB69562}.Debug|Any CPU.ActiveCfg = Debug|Any CPU
		{8E5D921D-60C6-4525-A2FA-24798AB69562}.Debug|Any CPU.Build.0 = Debug|Any CPU
		{8E5D921D-60C6-4525-A2FA-24798AB69562}.Release|Any CPU.ActiveCfg = Release|Any CPU
		{8E5D921D-60C6-4525-A2FA-24798AB69562}.Release|Any CPU.Build.0 = Release|Any CPU
		{A80E0FC8-19EA-49E5-9231-5AE2B5A0C848}.Debug|Any CPU.ActiveCfg = Debug|Any CPU
		{A80E0FC8-19EA-49E5-9231-5AE2B5A0C848}.Debug|Any CPU.Build.0 = Debug|Any CPU
		{A80E0FC8-19EA-49E5-9231-5AE2B5A0C848}.Release|Any CPU.ActiveCfg = Release|Any CPU
		{A80E0FC8-19EA-49E5-9231-5AE2B5A0C848}.Release|Any CPU.Build.0 = Release|Any CPU
		{386BFF2D-6ABD-4CB8-9EE2-06452AD033C7}.Debug|Any CPU.ActiveCfg = Debug|Any CPU
		{386BFF2D-6ABD-4CB8-9EE2-06452AD033C7}.Debug|Any CPU.Build.0 = Debug|Any CPU
		{386BFF2D-6ABD-4CB8-9EE2-06452AD033C7}.Release|Any CPU.ActiveCfg = Release|Any CPU
		{386BFF2D-6ABD-4CB8-9EE2-06452AD033C7}.Release|Any CPU.Build.0 = Release|Any CPU
		{419538EA-A140-42FF-BD11-0E30306D262B}.Debug|Any CPU.ActiveCfg = Debug|Any CPU
		{419538EA-A140-42FF-BD11-0E30306D262B}.Debug|Any CPU.Build.0 = Debug|Any CPU
		{419538EA-A140-42FF-BD11-0E30306D262B}.Release|Any CPU.ActiveCfg = Release|Any CPU
		{419538EA-A140-42FF-BD11-0E30306D262B}.Release|Any CPU.Build.0 = Release|Any CPU
		{1DEBB304-17E4-4FAE-9772-3B3CC6DF8EEF}.Debug|Any CPU.ActiveCfg = Debug|Any CPU
		{1DEBB304-17E4-4FAE-9772-3B3CC6DF8EEF}.Debug|Any CPU.Build.0 = Debug|Any CPU
		{1DEBB304-17E4-4FAE-9772-3B3CC6DF8EEF}.Release|Any CPU.ActiveCfg = Release|Any CPU
		{1DEBB304-17E4-4FAE-9772-3B3CC6DF8EEF}.Release|Any CPU.Build.0 = Release|Any CPU
		{A644FC0B-D646-49EB-91A1-0AC9CB719C74}.Debug|Any CPU.ActiveCfg = Debug|Any CPU
		{A644FC0B-D646-49EB-91A1-0AC9CB719C74}.Debug|Any CPU.Build.0 = Debug|Any CPU
		{A644FC0B-D646-49EB-91A1-0AC9CB719C74}.Release|Any CPU.ActiveCfg = Release|Any CPU
		{A644FC0B-D646-49EB-91A1-0AC9CB719C74}.Release|Any CPU.Build.0 = Release|Any CPU
		{1A71BF97-DF7F-4831-9AE2-B128B64D120F}.Debug|Any CPU.ActiveCfg = Debug|Any CPU
		{1A71BF97-DF7F-4831-9AE2-B128B64D120F}.Debug|Any CPU.Build.0 = Debug|Any CPU
		{1A71BF97-DF7F-4831-9AE2-B128B64D120F}.Release|Any CPU.ActiveCfg = Release|Any CPU
		{1A71BF97-DF7F-4831-9AE2-B128B64D120F}.Release|Any CPU.Build.0 = Release|Any CPU
		{0B65F1F3-38DA-47C3-8490-5670C1B8EAE2}.Debug|Any CPU.ActiveCfg = Debug|Any CPU
		{0B65F1F3-38DA-47C3-8490-5670C1B8EAE2}.Debug|Any CPU.Build.0 = Debug|Any CPU
		{0B65F1F3-38DA-47C3-8490-5670C1B8EAE2}.Release|Any CPU.ActiveCfg = Release|Any CPU
		{0B65F1F3-38DA-47C3-8490-5670C1B8EAE2}.Release|Any CPU.Build.0 = Release|Any CPU
	EndGlobalSection
	GlobalSection(NestedProjects) = preSolution
		{5E67A3CB-9089-4AA1-802C-B8CF9DFEEF58} = {3013166D-3A9F-4979-B741-08D4288F5D28}
		{71FB4790-4863-4C0C-A6D1-38EC9FF8C3F4} = {3013166D-3A9F-4979-B741-08D4288F5D28}
		{AB16A96E-15A4-4CB6-B9A6-F72B0803FBE1} = {C015BF56-68E3-4B5C-82CB-846AE27C42C0}
		{64482CA6-3D49-45CD-BBAA-DDD62FED05EB} = {C015BF56-68E3-4B5C-82CB-846AE27C42C0}
		{55DD0D61-3843-44BB-83EB-41081BB9B822} = {C015BF56-68E3-4B5C-82CB-846AE27C42C0}
		{8D91D1A8-2856-4EDF-A113-EAC6DF23ADB0} = {C015BF56-68E3-4B5C-82CB-846AE27C42C0}
		{12367C16-FEDD-42FA-8A32-FAECD58C59D3} = {C015BF56-68E3-4B5C-82CB-846AE27C42C0}
		{8E5D921D-60C6-4525-A2FA-24798AB69562} = {C015BF56-68E3-4B5C-82CB-846AE27C42C0}
		{386BFF2D-6ABD-4CB8-9EE2-06452AD033C7} = {C015BF56-68E3-4B5C-82CB-846AE27C42C0}
		{419538EA-A140-42FF-BD11-0E30306D262B} = {3013166D-3A9F-4979-B741-08D4288F5D28}
		{1A71BF97-DF7F-4831-9AE2-B128B64D120F} = {C015BF56-68E3-4B5C-82CB-846AE27C42C0}
		{0B65F1F3-38DA-47C3-8490-5670C1B8EAE2} = {C015BF56-68E3-4B5C-82CB-846AE27C42C0}
	EndGlobalSection
EndGlobal
